
Microsoft Visual Studio Solution File, Format Version 12.00
# Visual Studio Version 17
VisualStudioVersion = 17.14.36301.6 d17.14
MinimumVisualStudioVersion = 10.0.40219.1
Project("{FAE04EC0-301F-11D3-BF4B-00C04F79EFBC}") = "proje", "proje.csproj", "{B77DA54D-B4E3-4FF0-B547-1A8D2A7EE7E4}"
EndProject
Global
	GlobalSection(SolutionConfigurationPlatforms) = preSolution
		Debug|Any CPU = Debug|Any CPU
		Release|Any CPU = Release|Any CPU
	EndGlobalSection
	GlobalSection(ProjectConfigurationPlatforms) = postSolution
		{B77DA54D-B4E3-4FF0-B547-1A8D2A7EE7E4}.Debug|Any CPU.ActiveCfg = Debug|Any CPU
		{B77DA54D-B4E3-4FF0-B547-1A8D2A7EE7E4}.Debug|Any CPU.Build.0 = Debug|Any CPU
		{B77DA54D-B4E3-4FF0-B547-1A8D2A7EE7E4}.Release|Any CPU.ActiveCfg = Release|Any CPU
		{B77DA54D-B4E3-4FF0-B547-1A8D2A7EE7E4}.Release|Any CPU.Build.0 = Release|Any CPU
	EndGlobalSection
	GlobalSection(SolutionProperties) = preSolution
		HideSolutionNode = FALSE
	EndGlobalSection
	GlobalSection(ExtensibilityGlobals) = postSolution
		SolutionGuid = {10A1818A-0A0B-4DAC-89E0-2F996ABB300F}
	EndGlobalSection
EndGlobal
